
Microsoft Visual Studio Solution File, Format Version 12.00
# Visual Studio Version 17
VisualStudioVersion = 17.9.34714.143
MinimumVisualStudioVersion = 10.0.40219.1
Project("{FAE04EC0-301F-11D3-BF4B-00C04F79EFBC}") = "project", "project\project.csproj", "{08CF6AD5-6D7D-4BB6-A2F8-5A210308DB8E}"
EndProject
Global
	GlobalSection(SolutionConfigurationPlatforms) = preSolution
		Debug|Any CPU = Debug|Any CPU
		Release|Any CPU = Release|Any CPU
	EndGlobalSection
	GlobalSection(ProjectConfigurationPlatforms) = postSolution
		{08CF6AD5-6D7D-4BB6-A2F8-5A210308DB8E}.Debug|Any CPU.ActiveCfg = Debug|Any CPU
		{08CF6AD5-6D7D-4BB6-A2F8-5A210308DB8E}.Debug|Any CPU.Build.0 = Debug|Any CPU
		{08CF6AD5-6D7D-4BB6-A2F8-5A210308DB8E}.Release|Any CPU.ActiveCfg = Release|Any CPU
		{08CF6AD5-6D7D-4BB6-A2F8-5A210308DB8E}.Release|Any CPU.Build.0 = Release|Any CPU
	EndGlobalSection
	GlobalSection(SolutionProperties) = preSolution
		HideSolutionNode = FALSE
	EndGlobalSection
	GlobalSection(ExtensibilityGlobals) = postSolution
		SolutionGuid = {BB8D37C9-EB0C-46D9-A860-7F20A990B4DA}
	EndGlobalSection
EndGlobal
